
Microsoft Visual Studio Solution File, Format Version 12.00
# Visual Studio Version 17
VisualStudioVersion = 17.4.33122.133
MinimumVisualStudioVersion = 10.0.40219.1
Project("{9A19103F-16F7-4668-BE54-9A1E7A4F7556}") = "AbstractFactory", "AbstractFactory\AbstractFactory.csproj", "{3ABC4758-E3B0-4AE1-97D0-5D01D669E62B}"
EndProject
Project("{9A19103F-16F7-4668-BE54-9A1E7A4F7556}") = "FactoryMethod", "FactoryMethod\FactoryMethod.csproj", "{362695BD-283D-41A8-9759-3017E859F81D}"
EndProject
Project("{9A19103F-16F7-4668-BE54-9A1E7A4F7556}") = "Singleton", "Singleton\Singleton.csproj", "{5BFC33CB-289C-4541-939C-B7708CD0536D}"
EndProject
Project("{9A19103F-16F7-4668-BE54-9A1E7A4F7556}") = "Builder", "Builder\Builder.csproj", "{4EF3C20C-372A-44C3-8330-8209EEF4038B}"
EndProject
Project("{9A19103F-16F7-4668-BE54-9A1E7A4F7556}") = "Observer", "Observer\Observer.csproj", "{C58852D1-2DE9-4566-A989-062B6BBE5A75}"
EndProject
Project("{FAE04EC0-301F-11D3-BF4B-00C04F79EFBC}") = "Composite", "Composite\Composite.csproj", "{720BE180-DA51-4289-A49A-2C6FE50DFA0F}"
EndProject
Project("{FAE04EC0-301F-11D3-BF4B-00C04F79EFBC}") = "Strategy", "Strategy\Strategy.csproj", "{36FE39B4-E0D4-45DB-8AA0-C2E379F98EA7}"
EndProject
Project("{FAE04EC0-301F-11D3-BF4B-00C04F79EFBC}") = "Decorator", "Decorator\Decorator.csproj", "{40C345C1-EEA1-4C8C-8122-7C1B9320FBEB}"
EndProject
Global
	GlobalSection(SolutionConfigurationPlatforms) = preSolution
		Debug|Any CPU = Debug|Any CPU
		Release|Any CPU = Release|Any CPU
	EndGlobalSection
	GlobalSection(ProjectConfigurationPlatforms) = postSolution
		{3ABC4758-E3B0-4AE1-97D0-5D01D669E62B}.Debug|Any CPU.ActiveCfg = Debug|Any CPU
		{3ABC4758-E3B0-4AE1-97D0-5D01D669E62B}.Debug|Any CPU.Build.0 = Debug|Any CPU
		{3ABC4758-E3B0-4AE1-97D0-5D01D669E62B}.Release|Any CPU.ActiveCfg = Release|Any CPU
		{3ABC4758-E3B0-4AE1-97D0-5D01D669E62B}.Release|Any CPU.Build.0 = Release|Any CPU
		{362695BD-283D-41A8-9759-3017E859F81D}.Debug|Any CPU.ActiveCfg = Debug|Any CPU
		{362695BD-283D-41A8-9759-3017E859F81D}.Debug|Any CPU.Build.0 = Debug|Any CPU
		{362695BD-283D-41A8-9759-3017E859F81D}.Release|Any CPU.ActiveCfg = Release|Any CPU
		{362695BD-283D-41A8-9759-3017E859F81D}.Release|Any CPU.Build.0 = Release|Any CPU
		{5BFC33CB-289C-4541-939C-B7708CD0536D}.Debug|Any CPU.ActiveCfg = Debug|Any CPU
		{5BFC33CB-289C-4541-939C-B7708CD0536D}.Debug|Any CPU.Build.0 = Debug|Any CPU
		{5BFC33CB-289C-4541-939C-B7708CD0536D}.Release|Any CPU.ActiveCfg = Release|Any CPU
		{5BFC33CB-289C-4541-939C-B7708CD0536D}.Release|Any CPU.Build.0 = Release|Any CPU
		{4EF3C20C-372A-44C3-8330-8209EEF4038B}.Debug|Any CPU.ActiveCfg = Debug|Any CPU
		{4EF3C20C-372A-44C3-8330-8209EEF4038B}.Debug|Any CPU.Build.0 = Debug|Any CPU
		{4EF3C20C-372A-44C3-8330-8209EEF4038B}.Release|Any CPU.ActiveCfg = Release|Any CPU
		{4EF3C20C-372A-44C3-8330-8209EEF4038B}.Release|Any CPU.Build.0 = Release|Any CPU
		{C58852D1-2DE9-4566-A989-062B6BBE5A75}.Debug|Any CPU.ActiveCfg = Debug|Any CPU
		{C58852D1-2DE9-4566-A989-062B6BBE5A75}.Debug|Any CPU.Build.0 = Debug|Any CPU
		{C58852D1-2DE9-4566-A989-062B6BBE5A75}.Release|Any CPU.ActiveCfg = Release|Any CPU
		{C58852D1-2DE9-4566-A989-062B6BBE5A75}.Release|Any CPU.Build.0 = Release|Any CPU
		{720BE180-DA51-4289-A49A-2C6FE50DFA0F}.Debug|Any CPU.ActiveCfg = Debug|Any CPU
		{720BE180-DA51-4289-A49A-2C6FE50DFA0F}.Debug|Any CPU.Build.0 = Debug|Any CPU
		{720BE180-DA51-4289-A49A-2C6FE50DFA0F}.Release|Any CPU.ActiveCfg = Release|Any CPU
		{720BE180-DA51-4289-A49A-2C6FE50DFA0F}.Release|Any CPU.Build.0 = Release|Any CPU
		{36FE39B4-E0D4-45DB-8AA0-C2E379F98EA7}.Debug|Any CPU.ActiveCfg = Debug|Any CPU
		{36FE39B4-E0D4-45DB-8AA0-C2E379F98EA7}.Debug|Any CPU.Build.0 = Debug|Any CPU
		{36FE39B4-E0D4-45DB-8AA0-C2E379F98EA7}.Release|Any CPU.ActiveCfg = Release|Any CPU
		{36FE39B4-E0D4-45DB-8AA0-C2E379F98EA7}.Release|Any CPU.Build.0 = Release|Any CPU
		{40C345C1-EEA1-4C8C-8122-7C1B9320FBEB}.Debug|Any CPU.ActiveCfg = Debug|Any CPU
		{40C345C1-EEA1-4C8C-8122-7C1B9320FBEB}.Debug|Any CPU.Build.0 = Debug|Any CPU
		{40C345C1-EEA1-4C8C-8122-7C1B9320FBEB}.Release|Any CPU.ActiveCfg = Release|Any CPU
		{40C345C1-EEA1-4C8C-8122-7C1B9320FBEB}.Release|Any CPU.Build.0 = Release|Any CPU
	EndGlobalSection
	GlobalSection(SolutionProperties) = preSolution
		HideSolutionNode = FALSE
	EndGlobalSection
	GlobalSection(ExtensibilityGlobals) = postSolution
		SolutionGuid = {74401CAF-A829-4E21-9DDB-E4D23CAC7A21}
	EndGlobalSection
EndGlobal
